// !$*UTF8*$!
{
	archiveVersion = 1;
	classes = {
	};
	objectVersion = 46;
	objects = {

/* Begin PBXBuildFile section */
		421E39601E8C3AF2004A2C96 /* AppDelegate.swift in Sources */ = {isa = PBXBuildFile; fileRef = 421E395F1E8C3AF2004A2C96 /* AppDelegate.swift */; };
		421E39651E8C3AF2004A2C96 /* DataEntry.storyboard in Resources */ = {isa = PBXBuildFile; fileRef = 421E39631E8C3AF2004A2C96 /* DataEntry.storyboard */; };
		421E39671E8C3AF2004A2C96 /* Assets.xcassets in Resources */ = {isa = PBXBuildFile; fileRef = 421E39661E8C3AF2004A2C96 /* Assets.xcassets */; };
		421E396A1E8C3AF2004A2C96 /* LaunchScreen.storyboard in Resources */ = {isa = PBXBuildFile; fileRef = 421E39681E8C3AF2004A2C96 /* LaunchScreen.storyboard */; };
		421E39741E8C3E60004A2C96 /* Event.swift in Sources */ = {isa = PBXBuildFile; fileRef = 421E39731E8C3E60004A2C96 /* Event.swift */; };
		421E39761E8C3F06004A2C96 /* Announcement.swift in Sources */ = {isa = PBXBuildFile; fileRef = 421E39751E8C3F06004A2C96 /* Announcement.swift */; };
		421E39781E8C3F56004A2C96 /* Session.swift in Sources */ = {isa = PBXBuildFile; fileRef = 421E39771E8C3F56004A2C96 /* Session.swift */; };
		421E397A1E8C3FDA004A2C96 /* Speaker.swift in Sources */ = {isa = PBXBuildFile; fileRef = 421E39791E8C3FDA004A2C96 /* Speaker.swift */; };
		421E397C1E8C41B8004A2C96 /* Sponsor.swift in Sources */ = {isa = PBXBuildFile; fileRef = 421E397B1E8C41B8004A2C96 /* Sponsor.swift */; };
		421E397E1E8C41F5004A2C96 /* Timeslot.swift in Sources */ = {isa = PBXBuildFile; fileRef = 421E397D1E8C41F5004A2C96 /* Timeslot.swift */; };
		421E39801E8C4234004A2C96 /* Track.swift in Sources */ = {isa = PBXBuildFile; fileRef = 421E397F1E8C4234004A2C96 /* Track.swift */; };
		421E39821E8C4961004A2C96 /* GoogleService-Info.plist in Resources */ = {isa = PBXBuildFile; fileRef = 421E39811E8C4961004A2C96 /* GoogleService-Info.plist */; };
		421E39841E8C4FAE004A2C96 /* SpeakerEntryViewController.swift in Sources */ = {isa = PBXBuildFile; fileRef = 421E39831E8C4FAE004A2C96 /* SpeakerEntryViewController.swift */; };
		421E39861E8C5260004A2C96 /* DataService.swift in Sources */ = {isa = PBXBuildFile; fileRef = 421E39851E8C5260004A2C96 /* DataService.swift */; };
		421E39881E8C9E50004A2C96 /* TrackEntryViewController.swift in Sources */ = {isa = PBXBuildFile; fileRef = 421E39871E8C9E50004A2C96 /* TrackEntryViewController.swift */; };
		421E398A1E8CA38E004A2C96 /* TimeSlotEntryViewController.swift in Sources */ = {isa = PBXBuildFile; fileRef = 421E39891E8CA38E004A2C96 /* TimeSlotEntryViewController.swift */; };
		421E398C1E8CA39C004A2C96 /* SponsorEntryViewController.swift in Sources */ = {isa = PBXBuildFile; fileRef = 421E398B1E8CA39C004A2C96 /* SponsorEntryViewController.swift */; };
		421E398E1E8CA3A7004A2C96 /* SessionEntryViewController.swift in Sources */ = {isa = PBXBuildFile; fileRef = 421E398D1E8CA3A7004A2C96 /* SessionEntryViewController.swift */; };
		4291DD1F1E8EF3220058ED2C /* ScheduleCell.swift in Sources */ = {isa = PBXBuildFile; fileRef = 4291DD1D1E8EF3220058ED2C /* ScheduleCell.swift */; };
		4291DD201E8EF3220058ED2C /* ScheduleCell.xib in Resources */ = {isa = PBXBuildFile; fileRef = 4291DD1E1E8EF3220058ED2C /* ScheduleCell.xib */; };
		4291DD221E8EF6820058ED2C /* ScheduleViewController.swift in Sources */ = {isa = PBXBuildFile; fileRef = 4291DD211E8EF6820058ED2C /* ScheduleViewController.swift */; };
		4291DD251E8F09C20058ED2C /* UITableViewExtension.swift in Sources */ = {isa = PBXBuildFile; fileRef = 4291DD241E8F09C20058ED2C /* UITableViewExtension.swift */; };
		4291DD271E8F0A570058ED2C /* ReusableView.swift in Sources */ = {isa = PBXBuildFile; fileRef = 4291DD261E8F0A570058ED2C /* ReusableView.swift */; };
		4291DD291E8F0AF60058ED2C /* NibLoadableView.swift in Sources */ = {isa = PBXBuildFile; fileRef = 4291DD281E8F0AF60058ED2C /* NibLoadableView.swift */; };
		42DD76D81E8DFD4B00CC7D1A /* Main.storyboard in Resources */ = {isa = PBXBuildFile; fileRef = 42DD76D61E8DFD4B00CC7D1A /* Main.storyboard */; };
		BE0BFC522E7A3667F2AAA384 /* Pods_OrlandoCodeCamp.framework in Frameworks */ = {isa = PBXBuildFile; fileRef = 9157020BEA6EDCD95AF4DED8 /* Pods_OrlandoCodeCamp.framework */; };
/* End PBXBuildFile section */

/* Begin PBXFileReference section */
		12FC5CEE9B7BE424B1A43DE5 /* Pods-OrlandoCodeCamp.release.xcconfig */ = {isa = PBXFileReference; includeInIndex = 1; lastKnownFileType = text.xcconfig; name = "Pods-OrlandoCodeCamp.release.xcconfig"; path = "Pods/Target Support Files/Pods-OrlandoCodeCamp/Pods-OrlandoCodeCamp.release.xcconfig"; sourceTree = "<group>"; };
		421E395C1E8C3AF2004A2C96 /* OrlandoCodeCamp.app */ = {isa = PBXFileReference; explicitFileType = wrapper.application; includeInIndex = 0; path = OrlandoCodeCamp.app; sourceTree = BUILT_PRODUCTS_DIR; };
		421E395F1E8C3AF2004A2C96 /* AppDelegate.swift */ = {isa = PBXFileReference; lastKnownFileType = sourcecode.swift; path = AppDelegate.swift; sourceTree = "<group>"; };
		421E39641E8C3AF2004A2C96 /* Base */ = {isa = PBXFileReference; lastKnownFileType = file.storyboard; name = Base; path = Base.lproj/DataEntry.storyboard; sourceTree = "<group>"; };
		421E39661E8C3AF2004A2C96 /* Assets.xcassets */ = {isa = PBXFileReference; lastKnownFileType = folder.assetcatalog; path = Assets.xcassets; sourceTree = "<group>"; };
		421E39691E8C3AF2004A2C96 /* Base */ = {isa = PBXFileReference; lastKnownFileType = file.storyboard; name = Base; path = Base.lproj/LaunchScreen.storyboard; sourceTree = "<group>"; };
		421E396B1E8C3AF2004A2C96 /* Info.plist */ = {isa = PBXFileReference; lastKnownFileType = text.plist.xml; path = Info.plist; sourceTree = "<group>"; };
		421E39731E8C3E60004A2C96 /* Event.swift */ = {isa = PBXFileReference; fileEncoding = 4; lastKnownFileType = sourcecode.swift; name = Event.swift; path = Shared/Models/Event.swift; sourceTree = "<group>"; };
		421E39751E8C3F06004A2C96 /* Announcement.swift */ = {isa = PBXFileReference; fileEncoding = 4; lastKnownFileType = sourcecode.swift; name = Announcement.swift; path = Shared/Models/Announcement.swift; sourceTree = "<group>"; };
		421E39771E8C3F56004A2C96 /* Session.swift */ = {isa = PBXFileReference; fileEncoding = 4; lastKnownFileType = sourcecode.swift; name = Session.swift; path = Shared/Models/Session.swift; sourceTree = "<group>"; };
		421E39791E8C3FDA004A2C96 /* Speaker.swift */ = {isa = PBXFileReference; fileEncoding = 4; lastKnownFileType = sourcecode.swift; name = Speaker.swift; path = Shared/Models/Speaker.swift; sourceTree = "<group>"; };
		421E397B1E8C41B8004A2C96 /* Sponsor.swift */ = {isa = PBXFileReference; fileEncoding = 4; lastKnownFileType = sourcecode.swift; name = Sponsor.swift; path = Shared/Models/Sponsor.swift; sourceTree = "<group>"; };
		421E397D1E8C41F5004A2C96 /* Timeslot.swift */ = {isa = PBXFileReference; fileEncoding = 4; lastKnownFileType = sourcecode.swift; name = Timeslot.swift; path = Shared/Models/Timeslot.swift; sourceTree = "<group>"; };
		421E397F1E8C4234004A2C96 /* Track.swift */ = {isa = PBXFileReference; fileEncoding = 4; lastKnownFileType = sourcecode.swift; name = Track.swift; path = Shared/Models/Track.swift; sourceTree = "<group>"; };
		421E39811E8C4961004A2C96 /* GoogleService-Info.plist */ = {isa = PBXFileReference; fileEncoding = 4; lastKnownFileType = text.plist.xml; path = "GoogleService-Info.plist"; sourceTree = "<group>"; };
		421E39831E8C4FAE004A2C96 /* SpeakerEntryViewController.swift */ = {isa = PBXFileReference; fileEncoding = 4; lastKnownFileType = sourcecode.swift; name = SpeakerEntryViewController.swift; path = "Controllers/Data Entry/SpeakerEntryViewController.swift"; sourceTree = "<group>"; };
		421E39851E8C5260004A2C96 /* DataService.swift */ = {isa = PBXFileReference; fileEncoding = 4; lastKnownFileType = sourcecode.swift; name = DataService.swift; path = Shared/DataService.swift; sourceTree = "<group>"; };
		421E39871E8C9E50004A2C96 /* TrackEntryViewController.swift */ = {isa = PBXFileReference; fileEncoding = 4; lastKnownFileType = sourcecode.swift; name = TrackEntryViewController.swift; path = "Controllers/Data Entry/TrackEntryViewController.swift"; sourceTree = "<group>"; };
		421E39891E8CA38E004A2C96 /* TimeSlotEntryViewController.swift */ = {isa = PBXFileReference; fileEncoding = 4; lastKnownFileType = sourcecode.swift; name = TimeSlotEntryViewController.swift; path = "Controllers/Data Entry/TimeSlotEntryViewController.swift"; sourceTree = "<group>"; };
		421E398B1E8CA39C004A2C96 /* SponsorEntryViewController.swift */ = {isa = PBXFileReference; fileEncoding = 4; lastKnownFileType = sourcecode.swift; name = SponsorEntryViewController.swift; path = "Controllers/Data Entry/SponsorEntryViewController.swift"; sourceTree = "<group>"; };
		421E398D1E8CA3A7004A2C96 /* SessionEntryViewController.swift */ = {isa = PBXFileReference; fileEncoding = 4; lastKnownFileType = sourcecode.swift; name = SessionEntryViewController.swift; path = "Controllers/Data Entry/SessionEntryViewController.swift"; sourceTree = "<group>"; };
		4291DD1D1E8EF3220058ED2C /* ScheduleCell.swift */ = {isa = PBXFileReference; fileEncoding = 4; lastKnownFileType = sourcecode.swift; name = ScheduleCell.swift; path = "Views/Schedule Table View Cell/ScheduleCell.swift"; sourceTree = "<group>"; };
		4291DD1E1E8EF3220058ED2C /* ScheduleCell.xib */ = {isa = PBXFileReference; fileEncoding = 4; lastKnownFileType = file.xib; name = ScheduleCell.xib; path = "Views/Schedule Table View Cell/ScheduleCell.xib"; sourceTree = "<group>"; };
		4291DD211E8EF6820058ED2C /* ScheduleViewController.swift */ = {isa = PBXFileReference; fileEncoding = 4; lastKnownFileType = sourcecode.swift; name = ScheduleViewController.swift; path = Controllers/ScheduleViewController.swift; sourceTree = "<group>"; };
		4291DD241E8F09C20058ED2C /* UITableViewExtension.swift */ = {isa = PBXFileReference; fileEncoding = 4; lastKnownFileType = sourcecode.swift; name = UITableViewExtension.swift; path = Extensions/UITableViewExtension.swift; sourceTree = "<group>"; };
		4291DD261E8F0A570058ED2C /* ReusableView.swift */ = {isa = PBXFileReference; fileEncoding = 4; lastKnownFileType = sourcecode.swift; name = ReusableView.swift; path = Views/ReusableView.swift; sourceTree = "<group>"; };
		4291DD281E8F0AF60058ED2C /* NibLoadableView.swift */ = {isa = PBXFileReference; fileEncoding = 4; lastKnownFileType = sourcecode.swift; name = NibLoadableView.swift; path = Views/NibLoadableView.swift; sourceTree = "<group>"; };
		42DD76D71E8DFD4B00CC7D1A /* Base */ = {isa = PBXFileReference; lastKnownFileType = file.storyboard; name = Base; path = Base.lproj/Main.storyboard; sourceTree = "<group>"; };
		863C21CCB923FDB642E89A84 /* Pods-OrlandoCodeCamp.debug.xcconfig */ = {isa = PBXFileReference; includeInIndex = 1; lastKnownFileType = text.xcconfig; name = "Pods-OrlandoCodeCamp.debug.xcconfig"; path = "Pods/Target Support Files/Pods-OrlandoCodeCamp/Pods-OrlandoCodeCamp.debug.xcconfig"; sourceTree = "<group>"; };
		9157020BEA6EDCD95AF4DED8 /* Pods_OrlandoCodeCamp.framework */ = {isa = PBXFileReference; explicitFileType = wrapper.framework; includeInIndex = 0; path = Pods_OrlandoCodeCamp.framework; sourceTree = BUILT_PRODUCTS_DIR; };
/* End PBXFileReference section */

/* Begin PBXFrameworksBuildPhase section */
		421E39591E8C3AF2004A2C96 /* Frameworks */ = {
			isa = PBXFrameworksBuildPhase;
			buildActionMask = 2147483647;
			files = (
				BE0BFC522E7A3667F2AAA384 /* Pods_OrlandoCodeCamp.framework in Frameworks */,
			);
			runOnlyForDeploymentPostprocessing = 0;
		};
/* End PBXFrameworksBuildPhase section */

/* Begin PBXGroup section */
		1CF04C1F5F74196B92794C22 /* Pods */ = {
			isa = PBXGroup;
			children = (
				863C21CCB923FDB642E89A84 /* Pods-OrlandoCodeCamp.debug.xcconfig */,
				12FC5CEE9B7BE424B1A43DE5 /* Pods-OrlandoCodeCamp.release.xcconfig */,
			);
			name = Pods;
			sourceTree = "<group>";
		};
		421E39531E8C3AF2004A2C96 = {
			isa = PBXGroup;
			children = (
				421E395E1E8C3AF2004A2C96 /* OrlandoCodeCamp */,
				421E39711E8C3AFB004A2C96 /* Shared */,
				421E395D1E8C3AF2004A2C96 /* Products */,
				1CF04C1F5F74196B92794C22 /* Pods */,
				7B0CCC458D38CF10153A5555 /* Frameworks */,
			);
			sourceTree = "<group>";
		};
		421E395D1E8C3AF2004A2C96 /* Products */ = {
			isa = PBXGroup;
			children = (
				421E395C1E8C3AF2004A2C96 /* OrlandoCodeCamp.app */,
			);
			name = Products;
			sourceTree = "<group>";
		};
		421E395E1E8C3AF2004A2C96 /* OrlandoCodeCamp */ = {
			isa = PBXGroup;
			children = (
				4291DD231E8F09A80058ED2C /* Extensions */,
				4291DD1B1E8EF2D60058ED2C /* Views */,
				42DD76D31E8DFBFB00CC7D1A /* Controllers */,
				42DD76D51E8DFC2800CC7D1A /* Storyboards */,
				42DD76D41E8DFC0E00CC7D1A /* Resources */,
				421E395F1E8C3AF2004A2C96 /* AppDelegate.swift */,
			);
			path = OrlandoCodeCamp;
			sourceTree = "<group>";
		};
		421E39711E8C3AFB004A2C96 /* Shared */ = {
			isa = PBXGroup;
			children = (
				421E39721E8C3B0E004A2C96 /* Models */,
				421E39851E8C5260004A2C96 /* DataService.swift */,
			);
			name = Shared;
			sourceTree = "<group>";
		};
		421E39721E8C3B0E004A2C96 /* Models */ = {
			isa = PBXGroup;
			children = (
				421E39731E8C3E60004A2C96 /* Event.swift */,
				421E39751E8C3F06004A2C96 /* Announcement.swift */,
				421E39771E8C3F56004A2C96 /* Session.swift */,
				421E39791E8C3FDA004A2C96 /* Speaker.swift */,
				421E397B1E8C41B8004A2C96 /* Sponsor.swift */,
				421E397D1E8C41F5004A2C96 /* Timeslot.swift */,
				421E397F1E8C4234004A2C96 /* Track.swift */,
			);
			name = Models;
			sourceTree = "<group>";
		};
		421E398F1E8CA3B1004A2C96 /* Data Entry */ = {
			isa = PBXGroup;
			children = (
				421E39831E8C4FAE004A2C96 /* SpeakerEntryViewController.swift */,
				421E39871E8C9E50004A2C96 /* TrackEntryViewController.swift */,
				421E39891E8CA38E004A2C96 /* TimeSlotEntryViewController.swift */,
				421E398B1E8CA39C004A2C96 /* SponsorEntryViewController.swift */,
				421E398D1E8CA3A7004A2C96 /* SessionEntryViewController.swift */,
			);
			name = "Data Entry";
			sourceTree = "<group>";
		};
		4291DD1B1E8EF2D60058ED2C /* Views */ = {
			isa = PBXGroup;
			children = (
				4291DD1C1E8EF2EE0058ED2C /* Schedule Table View Cell */,
				4291DD261E8F0A570058ED2C /* ReusableView.swift */,
				4291DD281E8F0AF60058ED2C /* NibLoadableView.swift */,
			);
			name = Views;
			sourceTree = "<group>";
		};
		4291DD1C1E8EF2EE0058ED2C /* Schedule Table View Cell */ = {
			isa = PBXGroup;
			children = (
				4291DD1D1E8EF3220058ED2C /* ScheduleCell.swift */,
				4291DD1E1E8EF3220058ED2C /* ScheduleCell.xib */,
			);
			name = "Schedule Table View Cell";
			sourceTree = "<group>";
		};
		4291DD231E8F09A80058ED2C /* Extensions */ = {
			isa = PBXGroup;
			children = (
				4291DD241E8F09C20058ED2C /* UITableViewExtension.swift */,
			);
			name = Extensions;
			sourceTree = "<group>";
		};
		42DD76D31E8DFBFB00CC7D1A /* Controllers */ = {
			isa = PBXGroup;
			children = (
				421E398F1E8CA3B1004A2C96 /* Data Entry */,
				4291DD211E8EF6820058ED2C /* ScheduleViewController.swift */,
			);
			name = Controllers;
			sourceTree = "<group>";
		};
		42DD76D41E8DFC0E00CC7D1A /* Resources */ = {
			isa = PBXGroup;
			children = (
				421E396B1E8C3AF2004A2C96 /* Info.plist */,
				421E39811E8C4961004A2C96 /* GoogleService-Info.plist */,
				421E39661E8C3AF2004A2C96 /* Assets.xcassets */,
			);
			name = Resources;
			sourceTree = "<group>";
		};
		42DD76D51E8DFC2800CC7D1A /* Storyboards */ = {
			isa = PBXGroup;
			children = (
				421E39631E8C3AF2004A2C96 /* DataEntry.storyboard */,
				421E39681E8C3AF2004A2C96 /* LaunchScreen.storyboard */,
				42DD76D61E8DFD4B00CC7D1A /* Main.storyboard */,
			);
			name = Storyboards;
			sourceTree = "<group>";
		};
		7B0CCC458D38CF10153A5555 /* Frameworks */ = {
			isa = PBXGroup;
			children = (
				9157020BEA6EDCD95AF4DED8 /* Pods_OrlandoCodeCamp.framework */,
			);
			name = Frameworks;
			sourceTree = "<group>";
		};
/* End PBXGroup section */

/* Begin PBXNativeTarget section */
		421E395B1E8C3AF2004A2C96 /* OrlandoCodeCamp */ = {
			isa = PBXNativeTarget;
			buildConfigurationList = 421E396E1E8C3AF2004A2C96 /* Build configuration list for PBXNativeTarget "OrlandoCodeCamp" */;
			buildPhases = (
				C36910C5302F5695907E23EB /* [CP] Check Pods Manifest.lock */,
				421E39581E8C3AF2004A2C96 /* Sources */,
				421E39591E8C3AF2004A2C96 /* Frameworks */,
				421E395A1E8C3AF2004A2C96 /* Resources */,
				1A165CC8F1027332FF5841D6 /* [CP] Embed Pods Frameworks */,
				7E26A60DCB789EDB02BA606B /* [CP] Copy Pods Resources */,
				4291DD2A1E8F3FF30058ED2C /* ShellScript */,
			);
			buildRules = (
			);
			dependencies = (
			);
			name = OrlandoCodeCamp;
			productName = OrlandoCodeCamp;
			productReference = 421E395C1E8C3AF2004A2C96 /* OrlandoCodeCamp.app */;
			productType = "com.apple.product-type.application";
		};
/* End PBXNativeTarget section */

/* Begin PBXProject section */
		421E39541E8C3AF2004A2C96 /* Project object */ = {
			isa = PBXProject;
			attributes = {
				LastSwiftUpdateCheck = 0830;
				LastUpgradeCheck = 0830;
				ORGANIZATIONNAME = WERUreo;
				TargetAttributes = {
					421E395B1E8C3AF2004A2C96 = {
						CreatedOnToolsVersion = 8.3;
						DevelopmentTeam = 4X359D924E;
						ProvisioningStyle = Automatic;
					};
				};
			};
			buildConfigurationList = 421E39571E8C3AF2004A2C96 /* Build configuration list for PBXProject "OrlandoCodeCamp" */;
			compatibilityVersion = "Xcode 3.2";
			developmentRegion = English;
			hasScannedForEncodings = 0;
			knownRegions = (
				en,
				Base,
			);
			mainGroup = 421E39531E8C3AF2004A2C96;
			productRefGroup = 421E395D1E8C3AF2004A2C96 /* Products */;
			projectDirPath = "";
			projectRoot = "";
			targets = (
				421E395B1E8C3AF2004A2C96 /* OrlandoCodeCamp */,
			);
		};
/* End PBXProject section */

/* Begin PBXResourcesBuildPhase section */
		421E395A1E8C3AF2004A2C96 /* Resources */ = {
			isa = PBXResourcesBuildPhase;
			buildActionMask = 2147483647;
			files = (
				421E396A1E8C3AF2004A2C96 /* LaunchScreen.storyboard in Resources */,
				42DD76D81E8DFD4B00CC7D1A /* Main.storyboard in Resources */,
				4291DD201E8EF3220058ED2C /* ScheduleCell.xib in Resources */,
				421E39821E8C4961004A2C96 /* GoogleService-Info.plist in Resources */,
				421E39671E8C3AF2004A2C96 /* Assets.xcassets in Resources */,
				421E39651E8C3AF2004A2C96 /* DataEntry.storyboard in Resources */,
			);
			runOnlyForDeploymentPostprocessing = 0;
		};
/* End PBXResourcesBuildPhase section */

/* Begin PBXShellScriptBuildPhase section */
		1A165CC8F1027332FF5841D6 /* [CP] Embed Pods Frameworks */ = {
			isa = PBXShellScriptBuildPhase;
			buildActionMask = 2147483647;
			files = (
			);
			inputPaths = (
			);
			name = "[CP] Embed Pods Frameworks";
			outputPaths = (
			);
			runOnlyForDeploymentPostprocessing = 0;
			shellPath = /bin/sh;
			shellScript = "\"${SRCROOT}/Pods/Target Support Files/Pods-OrlandoCodeCamp/Pods-OrlandoCodeCamp-frameworks.sh\"\n";
			showEnvVarsInLog = 0;
		};
		4291DD2A1E8F3FF30058ED2C /* ShellScript */ = {
			isa = PBXShellScriptBuildPhase;
			buildActionMask = 2147483647;
			files = (
			);
			inputPaths = (
			);
			outputPaths = (
			);
			runOnlyForDeploymentPostprocessing = 0;
			shellPath = /bin/sh;
			shellScript = "\"${PODS_ROOT}/Fabric/run\" 2d2847685753c340e6f36168e9e66b3c41f3f998 dbf27c01b9efc7c601ad4df119a4539b5fc057b7e54ba060ff2d3cefa2f8eeba";
		};
		7E26A60DCB789EDB02BA606B /* [CP] Copy Pods Resources */ = {
			isa = PBXShellScriptBuildPhase;
			buildActionMask = 2147483647;
			files = (
			);
			inputPaths = (
			);
			name = "[CP] Copy Pods Resources";
			outputPaths = (
			);
			runOnlyForDeploymentPostprocessing = 0;
			shellPath = /bin/sh;
			shellScript = "\"${SRCROOT}/Pods/Target Support Files/Pods-OrlandoCodeCamp/Pods-OrlandoCodeCamp-resources.sh\"\n";
			showEnvVarsInLog = 0;
		};
		C36910C5302F5695907E23EB /* [CP] Check Pods Manifest.lock */ = {
			isa = PBXShellScriptBuildPhase;
			buildActionMask = 2147483647;
			files = (
			);
			inputPaths = (
			);
			name = "[CP] Check Pods Manifest.lock";
			outputPaths = (
			);
			runOnlyForDeploymentPostprocessing = 0;
			shellPath = /bin/sh;
			shellScript = "diff \"${PODS_ROOT}/../Podfile.lock\" \"${PODS_ROOT}/Manifest.lock\" > /dev/null\nif [ $? != 0 ] ; then\n    # print error to STDERR\n    echo \"error: The sandbox is not in sync with the Podfile.lock. Run 'pod install' or update your CocoaPods installation.\" >&2\n    exit 1\nfi\n";
			showEnvVarsInLog = 0;
		};
/* End PBXShellScriptBuildPhase section */

/* Begin PBXSourcesBuildPhase section */
		421E39581E8C3AF2004A2C96 /* Sources */ = {
			isa = PBXSourcesBuildPhase;
			buildActionMask = 2147483647;
			files = (
				421E398C1E8CA39C004A2C96 /* SponsorEntryViewController.swift in Sources */,
				421E39841E8C4FAE004A2C96 /* SpeakerEntryViewController.swift in Sources */,
				421E39781E8C3F56004A2C96 /* Session.swift in Sources */,
				4291DD221E8EF6820058ED2C /* ScheduleViewController.swift in Sources */,
				421E39761E8C3F06004A2C96 /* Announcement.swift in Sources */,
				4291DD1F1E8EF3220058ED2C /* ScheduleCell.swift in Sources */,
				421E397E1E8C41F5004A2C96 /* Timeslot.swift in Sources */,
				421E397C1E8C41B8004A2C96 /* Sponsor.swift in Sources */,
				4291DD251E8F09C20058ED2C /* UITableViewExtension.swift in Sources */,
				4291DD271E8F0A570058ED2C /* ReusableView.swift in Sources */,
				421E398E1E8CA3A7004A2C96 /* SessionEntryViewController.swift in Sources */,
				421E39861E8C5260004A2C96 /* DataService.swift in Sources */,
				421E39881E8C9E50004A2C96 /* TrackEntryViewController.swift in Sources */,
				421E39801E8C4234004A2C96 /* Track.swift in Sources */,
				4291DD291E8F0AF60058ED2C /* NibLoadableView.swift in Sources */,
				421E397A1E8C3FDA004A2C96 /* Speaker.swift in Sources */,
				421E39741E8C3E60004A2C96 /* Event.swift in Sources */,
				421E398A1E8CA38E004A2C96 /* TimeSlotEntryViewController.swift in Sources */,
				421E39601E8C3AF2004A2C96 /* AppDelegate.swift in Sources */,
			);
			runOnlyForDeploymentPostprocessing = 0;
		};
/* End PBXSourcesBuildPhase section */

/* Begin PBXVariantGroup section */
		421E39631E8C3AF2004A2C96 /* DataEntry.storyboard */ = {
			isa = PBXVariantGroup;
			children = (
				421E39641E8C3AF2004A2C96 /* Base */,
			);
			name = DataEntry.storyboard;
			sourceTree = "<group>";
		};
		421E39681E8C3AF2004A2C96 /* LaunchScreen.storyboard */ = {
			isa = PBXVariantGroup;
			children = (
				421E39691E8C3AF2004A2C96 /* Base */,
			);
			name = LaunchScreen.storyboard;
			sourceTree = "<group>";
		};
		42DD76D61E8DFD4B00CC7D1A /* Main.storyboard */ = {
			isa = PBXVariantGroup;
			children = (
				42DD76D71E8DFD4B00CC7D1A /* Base */,
			);
			name = Main.storyboard;
			sourceTree = "<group>";
		};
/* End PBXVariantGroup section */

/* Begin XCBuildConfiguration section */
		421E396C1E8C3AF2004A2C96 /* Debug */ = {
			isa = XCBuildConfiguration;
			buildSettings = {
				ALWAYS_SEARCH_USER_PATHS = NO;
				CLANG_ANALYZER_NONNULL = YES;
				CLANG_ANALYZER_NUMBER_OBJECT_CONVERSION = YES_AGGRESSIVE;
				CLANG_CXX_LANGUAGE_STANDARD = "gnu++0x";
				CLANG_CXX_LIBRARY = "libc++";
				CLANG_ENABLE_MODULES = YES;
				CLANG_ENABLE_OBJC_ARC = YES;
				CLANG_WARN_BOOL_CONVERSION = YES;
				CLANG_WARN_CONSTANT_CONVERSION = YES;
				CLANG_WARN_DIRECT_OBJC_ISA_USAGE = YES_ERROR;
				CLANG_WARN_DOCUMENTATION_COMMENTS = YES;
				CLANG_WARN_EMPTY_BODY = YES;
				CLANG_WARN_ENUM_CONVERSION = YES;
				CLANG_WARN_INFINITE_RECURSION = YES;
				CLANG_WARN_INT_CONVERSION = YES;
				CLANG_WARN_OBJC_ROOT_CLASS = YES_ERROR;
				CLANG_WARN_SUSPICIOUS_MOVE = YES;
				CLANG_WARN_UNREACHABLE_CODE = YES;
				CLANG_WARN__DUPLICATE_METHOD_MATCH = YES;
				"CODE_SIGN_IDENTITY[sdk=iphoneos*]" = "iPhone Developer";
				COPY_PHASE_STRIP = NO;
				DEBUG_INFORMATION_FORMAT = dwarf;
				ENABLE_STRICT_OBJC_MSGSEND = YES;
				ENABLE_TESTABILITY = YES;
				GCC_C_LANGUAGE_STANDARD = gnu99;
				GCC_DYNAMIC_NO_PIC = NO;
				GCC_NO_COMMON_BLOCKS = YES;
				GCC_OPTIMIZATION_LEVEL = 0;
				GCC_PREPROCESSOR_DEFINITIONS = (
					"DEBUG=1",
					"$(inherited)",
				);
				GCC_WARN_64_TO_32_BIT_CONVERSION = YES;
				GCC_WARN_ABOUT_RETURN_TYPE = YES_ERROR;
				GCC_WARN_UNDECLARED_SELECTOR = YES;
				GCC_WARN_UNINITIALIZED_AUTOS = YES_AGGRESSIVE;
				GCC_WARN_UNUSED_FUNCTION = YES;
				GCC_WARN_UNUSED_VARIABLE = YES;
				IPHONEOS_DEPLOYMENT_TARGET = 10.3;
				MTL_ENABLE_DEBUG_INFO = YES;
				ONLY_ACTIVE_ARCH = YES;
				SDKROOT = iphoneos;
				SWIFT_ACTIVE_COMPILATION_CONDITIONS = DEBUG;
				SWIFT_OPTIMIZATION_LEVEL = "-Onone";
				TARGETED_DEVICE_FAMILY = "1,2";
			};
			name = Debug;
		};
		421E396D1E8C3AF2004A2C96 /* Release */ = {
			isa = XCBuildConfiguration;
			buildSettings = {
				ALWAYS_SEARCH_USER_PATHS = NO;
				CLANG_ANALYZER_NONNULL = YES;
				CLANG_ANALYZER_NUMBER_OBJECT_CONVERSION = YES_AGGRESSIVE;
				CLANG_CXX_LANGUAGE_STANDARD = "gnu++0x";
				CLANG_CXX_LIBRARY = "libc++";
				CLANG_ENABLE_MODULES = YES;
				CLANG_ENABLE_OBJC_ARC = YES;
				CLANG_WARN_BOOL_CONVERSION = YES;
				CLANG_WARN_CONSTANT_CONVERSION = YES;
				CLANG_WARN_DIRECT_OBJC_ISA_USAGE = YES_ERROR;
				CLANG_WARN_DOCUMENTATION_COMMENTS = YES;
				CLANG_WARN_EMPTY_BODY = YES;
				CLANG_WARN_ENUM_CONVERSION = YES;
				CLANG_WARN_INFINITE_RECURSION = YES;
				CLANG_WARN_INT_CONVERSION = YES;
				CLANG_WARN_OBJC_ROOT_CLASS = YES_ERROR;
				CLANG_WARN_SUSPICIOUS_MOVE = YES;
				CLANG_WARN_UNREACHABLE_CODE = YES;
				CLANG_WARN__DUPLICATE_METHOD_MATCH = YES;
				"CODE_SIGN_IDENTITY[sdk=iphoneos*]" = "iPhone Developer";
				COPY_PHASE_STRIP = NO;
				DEBUG_INFORMATION_FORMAT = "dwarf-with-dsym";
				ENABLE_NS_ASSERTIONS = NO;
				ENABLE_STRICT_OBJC_MSGSEND = YES;
				GCC_C_LANGUAGE_STANDARD = gnu99;
				GCC_NO_COMMON_BLOCKS = YES;
				GCC_WARN_64_TO_32_BIT_CONVERSION = YES;
				GCC_WARN_ABOUT_RETURN_TYPE = YES_ERROR;
				GCC_WARN_UNDECLARED_SELECTOR = YES;
				GCC_WARN_UNINITIALIZED_AUTOS = YES_AGGRESSIVE;
				GCC_WARN_UNUSED_FUNCTION = YES;
				GCC_WARN_UNUSED_VARIABLE = YES;
				IPHONEOS_DEPLOYMENT_TARGET = 10.3;
				MTL_ENABLE_DEBUG_INFO = NO;
				SDKROOT = iphoneos;
				SWIFT_OPTIMIZATION_LEVEL = "-Owholemodule";
				TARGETED_DEVICE_FAMILY = "1,2";
				VALIDATE_PRODUCT = YES;
			};
			name = Release;
		};
		421E396F1E8C3AF2004A2C96 /* Debug */ = {
			isa = XCBuildConfiguration;
			baseConfigurationReference = 863C21CCB923FDB642E89A84 /* Pods-OrlandoCodeCamp.debug.xcconfig */;
			buildSettings = {
				ASSETCATALOG_COMPILER_APPICON_NAME = AppIcon;
				DEVELOPMENT_TEAM = 4X359D924E;
				INFOPLIST_FILE = OrlandoCodeCamp/Info.plist;
				IPHONEOS_DEPLOYMENT_TARGET = 9.0;
				LD_RUNPATH_SEARCH_PATHS = "$(inherited) @executable_path/Frameworks";
				PRODUCT_BUNDLE_IDENTIFIER = com.werureo.OrlandoCodeCamp;
				PRODUCT_NAME = "$(TARGET_NAME)";
				SWIFT_VERSION = 3.0;
			};
			name = Debug;
		};
		421E39701E8C3AF2004A2C96 /* Release */ = {
			isa = XCBuildConfiguration;
			baseConfigurationReference = 12FC5CEE9B7BE424B1A43DE5 /* Pods-OrlandoCodeCamp.release.xcconfig */;
			buildSettings = {
				ASSETCATALOG_COMPILER_APPICON_NAME = AppIcon;
				DEVELOPMENT_TEAM = 4X359D924E;
				INFOPLIST_FILE = OrlandoCodeCamp/Info.plist;
				IPHONEOS_DEPLOYMENT_TARGET = 9.0;
				LD_RUNPATH_SEARCH_PATHS = "$(inherited) @executable_path/Frameworks";
				PRODUCT_BUNDLE_IDENTIFIER = com.werureo.OrlandoCodeCamp;
				PRODUCT_NAME = "$(TARGET_NAME)";
				SWIFT_VERSION = 3.0;
			};
			name = Release;
		};
/* End XCBuildConfiguration section */

/* Begin XCConfigurationList section */
		421E39571E8C3AF2004A2C96 /* Build configuration list for PBXProject "OrlandoCodeCamp" */ = {
			isa = XCConfigurationList;
			buildConfigurations = (
				421E396C1E8C3AF2004A2C96 /* Debug */,
				421E396D1E8C3AF2004A2C96 /* Release */,
			);
			defaultConfigurationIsVisible = 0;
			defaultConfigurationName = Release;
		};
		421E396E1E8C3AF2004A2C96 /* Build configuration list for PBXNativeTarget "OrlandoCodeCamp" */ = {
			isa = XCConfigurationList;
			buildConfigurations = (
				421E396F1E8C3AF2004A2C96 /* Debug */,
				421E39701E8C3AF2004A2C96 /* Release */,
			);
			defaultConfigurationIsVisible = 0;
			defaultConfigurationName = Release;
		};
/* End XCConfigurationList section */
	};
	rootObject = 421E39541E8C3AF2004A2C96 /* Project object */;
}
